
Microsoft Visual Studio Solution File, Format Version 12.00
# Visual Studio Version 17
VisualStudioVersion = 17.2.32526.322
MinimumVisualStudioVersion = 10.0.40219.1
Project("{FAE04EC0-301F-11D3-BF4B-00C04F79EFBC}") = "estore", "estore\estore.csproj", "{D5F12CFA-D7DD-4598-8F4E-5358DE584541}"
EndProject
Global
	GlobalSection(SolutionConfigurationPlatforms) = preSolution
		Debug|Any CPU = Debug|Any CPU
		Release|Any CPU = Release|Any CPU
	EndGlobalSection
	GlobalSection(ProjectConfigurationPlatforms) = postSolution
		{D5F12CFA-D7DD-4598-8F4E-5358DE584541}.Debug|Any CPU.ActiveCfg = Debug|Any CPU
		{D5F12CFA-D7DD-4598-8F4E-5358DE584541}.Debug|Any CPU.Build.0 = Debug|Any CPU
		{D5F12CFA-D7DD-4598-8F4E-5358DE584541}.Release|Any CPU.ActiveCfg = Release|Any CPU
		{D5F12CFA-D7DD-4598-8F4E-5358DE584541}.Release|Any CPU.Build.0 = Release|Any CPU
	EndGlobalSection
	GlobalSection(SolutionProperties) = preSolution
		HideSolutionNode = FALSE
	EndGlobalSection
	GlobalSection(ExtensibilityGlobals) = postSolution
		SolutionGuid = {E5337155-5745-49C0-988A-85B803B2F22B}
	EndGlobalSection
EndGlobal
